Microsoft Visual Studio Solution File, Format Version 12.00
# Visual Studio Version 17
VisualStudioVersion = 17.5.2.0
MinimumVisualStudioVersion = 10.0.40219.1
Project("{FAE04EC0-301F-11D3-BF4B-00C04F79EFBC}") = "dotnetcoresample", "dotnetcoresample.csproj", "{180973BF-4C71-7ED8-4C86-DDE572554104}"
EndProject
Global
	GlobalSection(SolutionConfigurationPlatforms) = preSolution
		Debug|Any CPU = Debug|Any CPU
		Release|Any CPU = Release|Any CPU
	EndGlobalSection
	GlobalSection(ProjectConfigurationPlatforms) = postSolution
		{180973BF-4C71-7ED8-4C86-DDE572554104}.Debug|Any CPU.ActiveCfg = Debug|Any CPU
		{180973BF-4C71-7ED8-4C86-DDE572554104}.Debug|Any CPU.Build.0 = Debug|Any CPU
		{180973BF-4C71-7ED8-4C86-DDE572554104}.Release|Any CPU.ActiveCfg = Release|Any CPU
		{180973BF-4C71-7ED8-4C86-DDE572554104}.Release|Any CPU.Build.0 = Release|Any CPU
	EndGlobalSection
	GlobalSection(SolutionProperties) = preSolution
		HideSolutionNode = FALSE
	EndGlobalSection
	GlobalSection(ExtensibilityGlobals) = postSolution
		SolutionGuid = {6863E8FD-1B05-4C50-9391-4AC4A5A69B37}
	EndGlobalSection
EndGlobal
